
Microsoft Visual Studio Solution File, Format Version 12.00
# Visual Studio 15
Project("{FAE04EC0-301F-11D3-BF4B-00C04F79EFBC}") = "Assembly-CSharp-Editor", "Assembly-CSharp-Editor.csproj", "{A7BD7342-2C7F-171B-BD5B-79578EB22666}"
EndProject
Project("{FAE04EC0-301F-11D3-BF4B-00C04F79EFBC}") = "Assembly-CSharp", "Assembly-CSharp.csproj", "{812F7619-8850-E67D-9911-6000D15D5B01}"
EndProject
Global
	GlobalSection(SolutionConfigurationPlatforms) = preSolution
		Debug|Any CPU = Debug|Any CPU
		Release|Any CPU = Release|Any CPU
	EndGlobalSection
	GlobalSection(ProjectConfigurationPlatforms) = postSolution
		{A7BD7342-2C7F-171B-BD5B-79578EB22666}.Debug|Any CPU.ActiveCfg = Debug|Any CPU
		{A7BD7342-2C7F-171B-BD5B-79578EB22666}.Debug|Any CPU.Build.0 = Debug|Any CPU
		{A7BD7342-2C7F-171B-BD5B-79578EB22666}.Release|Any CPU.ActiveCfg = Release|Any CPU
		{A7BD7342-2C7F-171B-BD5B-79578EB22666}.Release|Any CPU.Build.0 = Release|Any CPU
		{812F7619-8850-E67D-9911-6000D15D5B01}.Debug|Any CPU.ActiveCfg = Debug|Any CPU
		{812F7619-8850-E67D-9911-6000D15D5B01}.Debug|Any CPU.Build.0 = Debug|Any CPU
		{812F7619-8850-E67D-9911-6000D15D5B01}.Release|Any CPU.ActiveCfg = Release|Any CPU
		{812F7619-8850-E67D-9911-6000D15D5B01}.Release|Any CPU.Build.0 = Release|Any CPU
	EndGlobalSection
	GlobalSection(SolutionProperties) = preSolution
		HideSolutionNode = FALSE
	EndGlobalSection
EndGlobal
